
Microsoft Visual Studio Solution File, Format Version 12.00
# Visual Studio Version 17
VisualStudioVersion = 17.4.33403.182
MinimumVisualStudioVersion = 10.0.40219.1
Project("{FAE04EC0-301F-11D3-BF4B-00C04F79EFBC}") = "rosenquestao1", "rosenquestao1\rosenquestao1.csproj", "{9C0EA141-1978-41AB-A9BD-D6C9657227C1}"
EndProject
Global
	GlobalSection(SolutionConfigurationPlatforms) = preSolution
		Debug|Any CPU = Debug|Any CPU
		Release|Any CPU = Release|Any CPU
	EndGlobalSection
	GlobalSection(ProjectConfigurationPlatforms) = postSolution
		{9C0EA141-1978-41AB-A9BD-D6C9657227C1}.Debug|Any CPU.ActiveCfg = Debug|Any CPU
		{9C0EA141-1978-41AB-A9BD-D6C9657227C1}.Debug|Any CPU.Build.0 = Debug|Any CPU
		{9C0EA141-1978-41AB-A9BD-D6C9657227C1}.Release|Any CPU.ActiveCfg = Release|Any CPU
		{9C0EA141-1978-41AB-A9BD-D6C9657227C1}.Release|Any CPU.Build.0 = Release|Any CPU
	EndGlobalSection
	GlobalSection(SolutionProperties) = preSolution
		HideSolutionNode = FALSE
	EndGlobalSection
	GlobalSection(ExtensibilityGlobals) = postSolution
		SolutionGuid = {F456784A-7B90-4C7C-B5C5-50FF181DE570}
	EndGlobalSection
EndGlobal
